
Microsoft Visual Studio Solution File, Format Version 12.00
# Visual Studio Version 17
VisualStudioVersion = 17.10.35027.167
MinimumVisualStudioVersion = 10.0.40219.1
Project("{FAE04EC0-301F-11D3-BF4B-00C04F79EFBC}") = "Simple Banking Application", "Simple Banking Application\Simple Banking Application.csproj", "{DE78F0F8-2785-498B-9212-CA0F916834AA}"
EndProject
Global
	GlobalSection(SolutionConfigurationPlatforms) = preSolution
		Debug|Any CPU = Debug|Any CPU
		Release|Any CPU = Release|Any CPU
	EndGlobalSection
	GlobalSection(ProjectConfigurationPlatforms) = postSolution
		{DE78F0F8-2785-498B-9212-CA0F916834AA}.Debug|Any CPU.ActiveCfg = Debug|Any CPU
		{DE78F0F8-2785-498B-9212-CA0F916834AA}.Debug|Any CPU.Build.0 = Debug|Any CPU
		{DE78F0F8-2785-498B-9212-CA0F916834AA}.Release|Any CPU.ActiveCfg = Release|Any CPU
		{DE78F0F8-2785-498B-9212-CA0F916834AA}.Release|Any CPU.Build.0 = Release|Any CPU
	EndGlobalSection
	GlobalSection(SolutionProperties) = preSolution
		HideSolutionNode = FALSE
	EndGlobalSection
	GlobalSection(ExtensibilityGlobals) = postSolution
		SolutionGuid = {074653DC-538B-4AED-92C1-4D387EB0FDE3}
	EndGlobalSection
EndGlobal
